
Microsoft Visual Studio Solution File, Format Version 12.00
# Visual Studio Version 16
VisualStudioVersion = 16.0.30711.63
MinimumVisualStudioVersion = 10.0.40219.1
Project("{9A19103F-16F7-4668-BE54-9A1E7A4F7556}") = "SimpleProvider", "SimpleProvider.csproj", "{E7F61814-DCF5-4A12-9CAA-8E9BCE4BABE3}"
EndProject
Project("{FAE04EC0-301F-11D3-BF4B-00C04F79EFBC}") = "Simple.Analyzer", "..\Simple.Analyzer\Simple.Analyzer.csproj", "{76745E4C-E54D-4496-BC25-40770AC9BEE6}"
EndProject
Project("{FAE04EC0-301F-11D3-BF4B-00C04F79EFBC}") = "Simple.Samples", "..\Simple.Samples\Simple.Samples.csproj", "{7A8DBF19-0C88-4835-8AB3-3F3161EA68D8}"
EndProject
Global
	GlobalSection(SolutionConfigurationPlatforms) = preSolution
		Debug|Any CPU = Debug|Any CPU
		Release|Any CPU = Release|Any CPU
	EndGlobalSection
	GlobalSection(ProjectConfigurationPlatforms) = postSolution
		{E7F61814-DCF5-4A12-9CAA-8E9BCE4BABE3}.Debug|Any CPU.ActiveCfg = Debug|Any CPU
		{E7F61814-DCF5-4A12-9CAA-8E9BCE4BABE3}.Debug|Any CPU.Build.0 = Debug|Any CPU
		{E7F61814-DCF5-4A12-9CAA-8E9BCE4BABE3}.Release|Any CPU.ActiveCfg = Release|Any CPU
		{E7F61814-DCF5-4A12-9CAA-8E9BCE4BABE3}.Release|Any CPU.Build.0 = Release|Any CPU
		{76745E4C-E54D-4496-BC25-40770AC9BEE6}.Debug|Any CPU.ActiveCfg = Debug|Any CPU
		{76745E4C-E54D-4496-BC25-40770AC9BEE6}.Debug|Any CPU.Build.0 = Debug|Any CPU
		{76745E4C-E54D-4496-BC25-40770AC9BEE6}.Release|Any CPU.ActiveCfg = Release|Any CPU
		{76745E4C-E54D-4496-BC25-40770AC9BEE6}.Release|Any CPU.Build.0 = Release|Any CPU
		{7A8DBF19-0C88-4835-8AB3-3F3161EA68D8}.Debug|Any CPU.ActiveCfg = Debug|Any CPU
		{7A8DBF19-0C88-4835-8AB3-3F3161EA68D8}.Debug|Any CPU.Build.0 = Debug|Any CPU
		{7A8DBF19-0C88-4835-8AB3-3F3161EA68D8}.Release|Any CPU.ActiveCfg = Release|Any CPU
		{7A8DBF19-0C88-4835-8AB3-3F3161EA68D8}.Release|Any CPU.Build.0 = Release|Any CPU
	EndGlobalSection
	GlobalSection(SolutionProperties) = preSolution
		HideSolutionNode = FALSE
	EndGlobalSection
	GlobalSection(ExtensibilityGlobals) = postSolution
		SolutionGuid = {C3230E01-B1CB-4897-B59F-4481D3DF5FF6}
	EndGlobalSection
EndGlobal
